// !$*UTF8*$!
{
	archiveVersion = 1;
	classes = {
	};
	objectVersion = 50;
	objects = {

/* Begin PBXBuildFile section */
		EB709BB125A0AF2B00D028EB /* AppDelegate.swift in Sources */ = {isa = PBXBuildFile; fileRef = EB709BB025A0AF2B00D028EB /* AppDelegate.swift */; };
		EB709BB325A0AF2B00D028EB /* SceneDelegate.swift in Sources */ = {isa = PBXBuildFile; fileRef = EB709BB225A0AF2B00D028EB /* SceneDelegate.swift */; };
		EB709BB525A0AF2B00D028EB /* ViewController.swift in Sources */ = {isa = PBXBuildFile; fileRef = EB709BB425A0AF2B00D028EB /* ViewController.swift */; };
		EB709BB825A0AF2B00D028EB /* Main.storyboard in Resources */ = {isa = PBXBuildFile; fileRef = EB709BB625A0AF2B00D028EB /* Main.storyboard */; };
		EB709BBA25A0AF2E00D028EB /* Assets.xcassets in Resources */ = {isa = PBXBuildFile; fileRef = EB709BB925A0AF2E00D028EB /* Assets.xcassets */; };
		EB709BBD25A0AF2E00D028EB /* LaunchScreen.storyboard in Resources */ = {isa = PBXBuildFile; fileRef = EB709BBB25A0AF2E00D028EB /* LaunchScreen.storyboard */; };
/* End PBXBuildFile section */

/* Begin PBXFileReference section */
		EB709BAD25A0AF2B00D028EB /* GoogleAdMobTest.app */ = {isa = PBXFileReference; explicitFileType = wrapper.application; includeInIndex = 0; path = GoogleAdMobTest.app; sourceTree = BUILT_PRODUCTS_DIR; };
		EB709BB025A0AF2B00D028EB /* AppDelegate.swift */ = {isa = PBXFileReference; lastKnownFileType = sourcecode.swift; path = AppDelegate.swift; sourceTree = "<group>"; };
		EB709BB225A0AF2B00D028EB /* SceneDelegate.swift */ = {isa = PBXFileReference; lastKnownFileType = sourcecode.swift; path = SceneDelegate.swift; sourceTree = "<group>"; };
		EB709BB425A0AF2B00D028EB /* ViewController.swift */ = {isa = PBXFileReference; lastKnownFileType = sourcecode.swift; path = ViewController.swift; sourceTree = "<group>"; };
		EB709BB725A0AF2B00D028EB /* Base */ = {isa = PBXFileReference; lastKnownFileType = file.storyboard; name = Base; path = Base.lproj/Main.storyboard; sourceTree = "<group>"; };
		EB709BB925A0AF2E00D028EB /* Assets.xcassets */ = {isa = PBXFileReference; lastKnownFileType = folder.assetcatalog; path = Assets.xcassets; sourceTree = "<group>"; };
		EB709BBC25A0AF2E00D028EB /* Base */ = {isa = PBXFileReference; lastKnownFileType = file.storyboard; name = Base; path = Base.lproj/LaunchScreen.storyboard; sourceTree = "<group>"; };
		EB709BBE25A0AF2E00D028EB /* Info.plist */ = {isa = PBXFileReference; lastKnownFileType = text.plist.xml; path = Info.plist; sourceTree = "<group>"; };
/* End PBXFileReference section */

/* Begin PBXFrameworksBuildPhase section */
		EB709BAA25A0AF2B00D028EB /* Frameworks */ = {
			isa = PBXFrameworksBuildPhase;
			buildActionMask = 2147483647;
			files = (
			);
			runOnlyForDeploymentPostprocessing = 0;
		};
/* End PBXFrameworksBuildPhase section */

/* Begin PBXGroup section */
		EB709BA425A0AF2B00D028EB = {
			isa = PBXGroup;
			children = (
				EB709BAF25A0AF2B00D028EB /* GoogleAdMobTest */,
				EB709BAE25A0AF2B00D028EB /* Products */,
			);
			sourceTree = "<group>";
		};
		EB709BAE25A0AF2B00D028EB /* Products */ = {
			isa = PBXGroup;
			children = (
				EB709BAD25A0AF2B00D028EB /* GoogleAdMobTest.app */,
			);
			name = Products;
			sourceTree = "<group>";
		};
		EB709BAF25A0AF2B00D028EB /* GoogleAdMobTest */ = {
			isa = PBXGroup;
			children = (
				EB709BB025A0AF2B00D028EB /* AppDelegate.swift */,
				EB709BB225A0AF2B00D028EB /* SceneDelegate.swift */,
				EB709BB425A0AF2B00D028EB /* ViewController.swift */,
				EB709BB625A0AF2B00D028EB /* Main.storyboard */,
				EB709BB925A0AF2E00D028EB /* Assets.xcassets */,
				EB709BBB25A0AF2E00D028EB /* LaunchScreen.storyboard */,
				EB709BBE25A0AF2E00D028EB /* Info.plist */,
			);
			path = GoogleAdMobTest;
			sourceTree = "<group>";
		};
/* End PBXGroup section */

/* Begin PBXNativeTarget section */
		EB709BAC25A0AF2B00D028EB /* GoogleAdMobTest */ = {
			isa = PBXNativeTarget;
			buildConfigurationList = EB709BC125A0AF2E00D028EB /* Build configuration list for PBXNativeTarget "GoogleAdMobTest" */;
			buildPhases = (
				EB709BA925A0AF2B00D028EB /* Sources */,
				EB709BAA25A0AF2B00D028EB /* Frameworks */,
				EB709BAB25A0AF2B00D028EB /* Resources */,
			);
			buildRules = (
			);
			dependencies = (
			);
			name = GoogleAdMobTest;
			productName = GoogleAdMobTest;
			productReference = EB709BAD25A0AF2B00D028EB /* GoogleAdMobTest.app */;
			productType = "com.apple.product-type.application";
		};
/* End PBXNativeTarget section */

/* Begin PBXProject section */
		EB709BA525A0AF2B00D028EB /* Project object */ = {
			isa = PBXProject;
			attributes = {
				LastSwiftUpdateCheck = 1220;
				LastUpgradeCheck = 1220;
				TargetAttributes = {
					EB709BAC25A0AF2B00D028EB = {
						CreatedOnToolsVersion = 12.2;
					};
				};
			};
			buildConfigurationList = EB709BA825A0AF2B00D028EB /* Build configuration list for PBXProject "GoogleAdMobTest" */;
			compatibilityVersion = "Xcode 9.3";
			developmentRegion = en;
			hasScannedForEncodings = 0;
			knownRegions = (
				en,
				Base,
			);
			mainGroup = EB709BA425A0AF2B00D028EB;
			productRefGroup = EB709BAE25A0AF2B00D028EB /* Products */;
			projectDirPath = "";
			projectRoot = "";
			targets = (
				EB709BAC25A0AF2B00D028EB /* GoogleAdMobTest */,
			);
		};
/* End PBXProject section */

/* Begin PBXResourcesBuildPhase section */
		EB709BAB25A0AF2B00D028EB /* Resources */ = {
			isa = PBXResourcesBuildPhase;
			buildActionMask = 2147483647;
			files = (
				EB709BBD25A0AF2E00D028EB /* LaunchScreen.storyboard in Resources */,
				EB709BBA25A0AF2E00D028EB /* Assets.xcassets in Resources */,
				EB709BB825A0AF2B00D028EB /* Main.storyboard in Resources */,
			);
			runOnlyForDeploymentPostprocessing = 0;
		};
/* End PBXResourcesBuildPhase section */

/* Begin PBXSourcesBuildPhase section */
		EB709BA925A0AF2B00D028EB /* Sources */ = {
			isa = PBXSourcesBuildPhase;
			buildActionMask = 2147483647;
			files = (
				EB709BB525A0AF2B00D028EB /* ViewController.swift in Sources */,
				EB709BB125A0AF2B00D028EB /* AppDelegate.swift in Sources */,
				EB709BB325A0AF2B00D028EB /* SceneDelegate.swift in Sources */,
			);
			runOnlyForDeploymentPostprocessing = 0;
		};
/* End PBXSourcesBuildPhase section */

/* Begin PBXVariantGroup section */
		EB709BB625A0AF2B00D028EB /* Main.storyboard */ = {
			isa = PBXVariantGroup;
			children = (
				EB709BB725A0AF2B00D028EB /* Base */,
			);
			name = Main.storyboard;
			sourceTree = "<group>";
		};
		EB709BBB25A0AF2E00D028EB /* LaunchScreen.storyboard */ = {
			isa = PBXVariantGroup;
			children = (
				EB709BBC25A0AF2E00D028EB /* Base */,
			);
			name = LaunchScreen.storyboard;
			sourceTree = "<group>";
		};
/* End PBXVariantGroup section */

/* Begin XCBuildConfiguration section */
		EB709BBF25A0AF2E00D028EB /* Debug */ = {
			isa = XCBuildConfiguration;
			buildSettings = {
				ALWAYS_SEARCH_USER_PATHS = NO;
				CLANG_ANALYZER_NONNULL = YES;
				CLANG_ANALYZER_NUMBER_OBJECT_CONVERSION = YES_AGGRESSIVE;
				CLANG_CXX_LANGUAGE_STANDARD = "gnu++14";
				CLANG_CXX_LIBRARY = "libc++";
				CLANG_ENABLE_MODULES = YES;
				CLANG_ENABLE_OBJC_ARC = YES;
				CLANG_ENABLE_OBJC_WEAK = YES;
				CLANG_WARN_BLOCK_CAPTURE_AUTORELEASING = YES;
				CLANG_WARN_BOOL_CONVERSION = YES;
				CLANG_WARN_COMMA = YES;
				CLANG_WARN_CONSTANT_CONVERSION = YES;
				CLANG_WARN_DEPRECATED_OBJC_IMPLEMENTATIONS = YES;
				CLANG_WARN_DIRECT_OBJC_ISA_USAGE = YES_ERROR;
				CLANG_WARN_DOCUMENTATION_COMMENTS = YES;
				CLANG_WARN_EMPTY_BODY = YES;
				CLANG_WARN_ENUM_CONVERSION = YES;
				CLANG_WARN_INFINITE_RECURSION = YES;
				CLANG_WARN_INT_CONVERSION = YES;
				CLANG_WARN_NON_LITERAL_NULL_CONVERSION = YES;
				CLANG_WARN_OBJC_IMPLICIT_RETAIN_SELF = YES;
				CLANG_WARN_OBJC_LITERAL_CONVERSION = YES;
				CLANG_WARN_OBJC_ROOT_CLASS = YES_ERROR;
				CLANG_WARN_QUOTED_INCLUDE_IN_FRAMEWORK_HEADER = YES;
				CLANG_WARN_RANGE_LOOP_ANALYSIS = YES;
				CLANG_WARN_STRICT_PROTOTYPES = YES;
				CLANG_WARN_SUSPICIOUS_MOVE = YES;
				CLANG_WARN_UNGUARDED_AVAILABILITY = YES_AGGRESSIVE;
				CLANG_WARN_UNREACHABLE_CODE = YES;
				CLANG_WARN__DUPLICATE_METHOD_MATCH = YES;
				COPY_PHASE_STRIP = NO;
				DEBUG_INFORMATION_FORMAT = dwarf;
				ENABLE_STRICT_OBJC_MSGSEND = YES;
				ENABLE_TESTABILITY = YES;
				GCC_C_LANGUAGE_STANDARD = gnu11;
				GCC_DYNAMIC_NO_PIC = NO;
				GCC_NO_COMMON_BLOCKS = YES;
				GCC_OPTIMIZATION_LEVEL = 0;
				GCC_PREPROCESSOR_DEFINITIONS = (
					"DEBUG=1",
					"$(inherited)",
				);
				GCC_WARN_64_TO_32_BIT_CONVERSION = YES;
				GCC_WARN_ABOUT_RETURN_TYPE = YES_ERROR;
				GCC_WARN_UNDECLARED_SELECTOR = YES;
				GCC_WARN_UNINITIALIZED_AUTOS = YES_AGGRESSIVE;
				GCC_WARN_UNUSED_FUNCTION = YES;
				GCC_WARN_UNUSED_VARIABLE = YES;
				IPHONEOS_DEPLOYMENT_TARGET = 14.2;
				MTL_ENABLE_DEBUG_INFO = INCLUDE_SOURCE;
				MTL_FAST_MATH = YES;
				ONLY_ACTIVE_ARCH = YES;
				SDKROOT = iphoneos;
				SWIFT_ACTIVE_COMPILATION_CONDITIONS = DEBUG;
				SWIFT_OPTIMIZATION_LEVEL = "-Onone";
			};
			name = Debug;
		};
		EB709BC025A0AF2E00D028EB /* Release */ = {
			isa = XCBuildConfiguration;
			buildSettings = {
				ALWAYS_SEARCH_USER_PATHS = NO;
				CLANG_ANALYZER_NONNULL = YES;
				CLANG_ANALYZER_NUMBER_OBJECT_CONVERSION = YES_AGGRESSIVE;
				CLANG_CXX_LANGUAGE_STANDARD = "gnu++14";
				CLANG_CXX_LIBRARY = "libc++";
				CLANG_ENABLE_MODULES = YES;
				CLANG_ENABLE_OBJC_ARC = YES;
				CLANG_ENABLE_OBJC_WEAK = YES;
				CLANG_WARN_BLOCK_CAPTURE_AUTORELEASING = YES;
				CLANG_WARN_BOOL_CONVERSION = YES;
				CLANG_WARN_COMMA = YES;
				CLANG_WARN_CONSTANT_CONVERSION = YES;
				CLANG_WARN_DEPRECATED_OBJC_IMPLEMENTATIONS = YES;
				CLANG_WARN_DIRECT_OBJC_ISA_USAGE = YES_ERROR;
				CLANG_WARN_DOCUMENTATION_COMMENTS = YES;
				CLANG_WARN_EMPTY_BODY = YES;
				CLANG_WARN_ENUM_CONVERSION = YES;
				CLANG_WARN_INFINITE_RECURSION = YES;
				CLANG_WARN_INT_CONVERSION = YES;
				CLANG_WARN_NON_LITERAL_NULL_CONVERSION = YES;
				CLANG_WARN_OBJC_IMPLICIT_RETAIN_SELF = YES;
				CLANG_WARN_OBJC_LITERAL_CONVERSION = YES;
				CLANG_WARN_OBJC_ROOT_CLASS = YES_ERROR;
				CLANG_WARN_QUOTED_INCLUDE_IN_FRAMEWORK_HEADER = YES;
				CLANG_WARN_RANGE_LOOP_ANALYSIS = YES;
				CLANG_WARN_STRICT_PROTOTYPES = YES;
				CLANG_WARN_SUSPICIOUS_MOVE = YES;
				CLANG_WARN_UNGUARDED_AVAILABILITY = YES_AGGRESSIVE;
				CLANG_WARN_UNREACHABLE_CODE = YES;
				CLANG_WARN__DUPLICATE_METHOD_MATCH = YES;
				COPY_PHASE_STRIP = NO;
				DEBUG_INFORMATION_FORMAT = "dwarf-with-dsym";
				ENABLE_NS_ASSERTIONS = NO;
				ENABLE_STRICT_OBJC_MSGSEND = YES;
				GCC_C_LANGUAGE_STANDARD = gnu11;
				GCC_NO_COMMON_BLOCKS = YES;
				GCC_WARN_64_TO_32_BIT_CONVERSION = YES;
				GCC_WARN_ABOUT_RETURN_TYPE = YES_ERROR;
				GCC_WARN_UNDECLARED_SELECTOR = YES;
				GCC_WARN_UNINITIALIZED_AUTOS = YES_AGGRESSIVE;
				GCC_WARN_UNUSED_FUNCTION = YES;
				GCC_WARN_UNUSED_VARIABLE = YES;
				IPHONEOS_DEPLOYMENT_TARGET = 14.2;
				MTL_ENABLE_DEBUG_INFO = NO;
				MTL_FAST_MATH = YES;
				SDKROOT = iphoneos;
				SWIFT_COMPILATION_MODE = wholemodule;
				SWIFT_OPTIMIZATION_LEVEL = "-O";
				VALIDATE_PRODUCT = YES;
			};
			name = Release;
		};
		EB709BC225A0AF2E00D028EB /* Debug */ = {
			isa = XCBuildConfiguration;
			buildSettings = {
				ASSETCATALOG_COMPILER_APPICON_NAME = AppIcon;
				ASSETCATALOG_COMPILER_GLOBAL_ACCENT_COLOR_NAME = AccentColor;
				CODE_SIGN_STYLE = Automatic;
				DEVELOPMENT_TEAM = 3S53UNL7XC;
				INFOPLIST_FILE = GoogleAdMobTest/Info.plist;
				LD_RUNPATH_SEARCH_PATHS = (
					"$(inherited)",
					"@executable_path/Frameworks",
				);
				PRODUCT_BUNDLE_IDENTIFIER = com.canerduru.GoogleAdMobTest;
				PRODUCT_NAME = "$(TARGET_NAME)";
				SWIFT_VERSION = 5.0;
				TARGETED_DEVICE_FAMILY = "1,2";
			};
			name = Debug;
		};
		EB709BC325A0AF2E00D028EB /* Release */ = {
			isa = XCBuildConfiguration;
			buildSettings = {
				ASSETCATALOG_COMPILER_APPICON_NAME = AppIcon;
				ASSETCATALOG_COMPILER_GLOBAL_ACCENT_COLOR_NAME = AccentColor;
				CODE_SIGN_STYLE = Automatic;
				DEVELOPMENT_TEAM = 3S53UNL7XC;
				INFOPLIST_FILE = GoogleAdMobTest/Info.plist;
				LD_RUNPATH_SEARCH_PATHS = (
					"$(inherited)",
					"@executable_path/Frameworks",
				);
				PRODUCT_BUNDLE_IDENTIFIER = com.canerduru.GoogleAdMobTest;
				PRODUCT_NAME = "$(TARGET_NAME)";
				SWIFT_VERSION = 5.0;
				TARGETED_DEVICE_FAMILY = "1,2";
			};
			name = Release;
		};
/* End XCBuildConfiguration section */

/* Begin XCConfigurationList section */
		EB709BA825A0AF2B00D028EB /* Build configuration list for PBXProject "GoogleAdMobTest" */ = {
			isa = XCConfigurationList;
			buildConfigurations = (
				EB709BBF25A0AF2E00D028EB /* Debug */,
				EB709BC025A0AF2E00D028EB /* Release */,
			);
			defaultConfigurationIsVisible = 0;
			defaultConfigurationName = Release;
		};
		EB709BC125A0AF2E00D028EB /* Build configuration list for PBXNativeTarget "GoogleAdMobTest" */ = {
			isa = XCConfigurationList;
			buildConfigurations = (
				EB709BC225A0AF2E00D028EB /* Debug */,
				EB709BC325A0AF2E00D028EB /* Release */,
			);
			defaultConfigurationIsVisible = 0;
			defaultConfigurationName = Release;
		};
/* End XCConfigurationList section */
	};
	rootObject = EB709BA525A0AF2B00D028EB /* Project object */;
}
